{
  "name": "2020",
  "version": "1.0.0",
  "lockfileVersion": 2,
  "requires": true,
  "packages": {
    "": {
      "name": "2020",
      "version": "1.0.0",
      "license": "MIT",
      "dependencies": {
        "@types/matter-js": "^0.18.0",
        "matter-js": "^0.18.0",
        "poly-decomp": "^0.3.0"
      }
    },
    "node_modules/@types/matter-js": {
      "version": "0.18.2",
      "resolved": "https://registry.npmjs.org/@types/matter-js/-/matter-js-0.18.2.tgz",
      "integrity": "sha512-W9UC9DOPNBRTUocqqPZmzX3cbHmlZBI9jLn6SuxZz0n5QrPk382Ig3hbBWHqYU8TRUmTCJJhuanXeyMTavF7Mg=="
    },
    "node_modules/matter-js": {
      "version": "0.18.0",
      "resolved": "https://registry.npmjs.org/matter-js/-/matter-js-0.18.0.tgz",
      "integrity": "sha512-/ZVem4WygUnbmo/iE4oHZpZS97btfBtYy5Iwn1396vUZU7YhgVEN8J4UWwfZwY1ZqoTYlPgjvSw9WXauuXL0mg=="
    },
    "node_modules/poly-decomp": {
      "version": "0.3.0",
      "resolved": "https://registry.npm.taobao.org/poly-decomp/download/poly-decomp-0.3.0.tgz",
      "integrity": "sha1-qkmSibvBpMoiE+lmWH+lv/wcpfU=",
      "engines": {
        "node": "*"
      }
    }
  },
  "dependencies": {
    "@types/matter-js": {
      "version": "0.18.2",
      "resolved": "https://registry.npmjs.org/@types/matter-js/-/matter-js-0.18.2.tgz",
      "integrity": "sha512-W9UC9DOPNBRTUocqqPZmzX3cbHmlZBI9jLn6SuxZz0n5QrPk382Ig3hbBWHqYU8TRUmTCJJhuanXeyMTavF7Mg=="
    },
    "matter-js": {
      "version": "0.18.0",
      "resolved": "https://registry.npmjs.org/matter-js/-/matter-js-0.18.0.tgz",
      "integrity": "sha512-/ZVem4WygUnbmo/iE4oHZpZS97btfBtYy5Iwn1396vUZU7YhgVEN8J4UWwfZwY1ZqoTYlPgjvSw9WXauuXL0mg=="
    },
    "poly-decomp": {
      "version": "0.3.0",
      "resolved": "https://registry.npm.taobao.org/poly-decomp/download/poly-decomp-0.3.0.tgz",
      "integrity": "sha1-qkmSibvBpMoiE+lmWH+lv/wcpfU="
    }
  }
}
