# THIS IS AN AUTOGENERATED FILE. DO NOT EDIT THIS FILE DIRECTLY.
# yarn lockfile v1


"@types/matter-js@^0.18.0":
  "integrity" "sha512-W9UC9DOPNBRTUocqqPZmzX3cbHmlZBI9jLn6SuxZz0n5QrPk382Ig3hbBWHqYU8TRUmTCJJhuanXeyMTavF7Mg=="
  "resolved" "https://registry.npmjs.org/@types/matter-js/-/matter-js-0.18.2.tgz"
  "version" "0.18.2"

"matter-js@^0.18.0":
  "integrity" "sha512-/ZVem4WygUnbmo/iE4oHZpZS97btfBtYy5Iwn1396vUZU7YhgVEN8J4UWwfZwY1ZqoTYlPgjvSw9WXauuXL0mg=="
  "resolved" "https://registry.npmjs.org/matter-js/-/matter-js-0.18.0.tgz"
  "version" "0.18.0"

"poly-decomp@^0.3.0":
  "integrity" "sha1-qkmSibvBpMoiE+lmWH+lv/wcpfU="
  "resolved" "https://registry.npm.taobao.org/poly-decomp/download/poly-decomp-0.3.0.tgz"
  "version" "0.3.0"
